{
  "requires": true,
  "lockfileVersion": 1,
  "dependencies": {
    "autosuggest-trie": {
      "version": "2.1.1",
      "resolved": "https://registry.npmjs.org/autosuggest-trie/-/autosuggest-trie-2.1.1.tgz",
      "integrity": "sha1-+SxIB87vYy3vRCTML3kKDM3Br3s="
    },
    "hyperapp": {
      "version": "1.2.5",
      "resolved": "https://registry.npmjs.org/hyperapp/-/hyperapp-1.2.5.tgz",
      "integrity": "sha512-XKHTW3fUU8nCt6lZngJoprRTsAbpd0NRtN/BMLTJY6DMs76lgTXyEynw2d1G4di/gNib1FM/ocsdTLCup4SJ/A=="
    }
  }
}
